%{
  "beam_notify": {:hex, :beam_notify, "0.2.1", "64f94f5b486b4cc96ef10a633188560cdd6ae2fccaf6fd746851cdc12b85d5f1", [:make, :mix], [{:elixir_make, "~> 0.6", [hex: :elixir_make, repo: "hexpm", optional: false]}], "hexpm", "d1b3a8d280867c43c2c53e61556ca5ad87e0907ad25797d2c753bac5d8b3dc44"},
  "elixir_make": {:hex, :elixir_make, "0.6.2", "7dffacd77dec4c37b39af867cedaabb0b59f6a871f89722c25b28fcd4bd70530", [:mix], [], "hexpm", "03e49eadda22526a7e5279d53321d1cced6552f344ba4e03e619063de75348d9"},
  "gen_state_machine": {:hex, :gen_state_machine, "3.0.0", "1e57f86a494e5c6b14137ebef26a7eb342b3b0070c7135f2d6768ed3f6b6cdff", [:mix], [], "hexpm", "0a59652574bebceb7309f6b749d2a41b45fdeda8dbb4da0791e355dd19f0ed15"},
  "mdns_lite": {:hex, :mdns_lite, "0.8.3", "41ec5b6532a77737086f83b7ecd0a710bb2fe426221002d9b5ca9f279367a53c", [:mix], [{:vintage_net, "~> 0.7", [hex: :vintage_net, repo: "hexpm", optional: false]}], "hexpm", "d094a453e7c7c3167ab85257aeb69a7c534d905dfbe0df7b0f98ff2e509aac78"},
  "muontrap": {:hex, :muontrap, "0.6.1", "fa11dc9152470c4d0ce5a5fcb6524d8c1edc9bf6d63b3f6a89096f1e751ae271", [:make, :mix], [{:elixir_make, "~> 0.6", [hex: :elixir_make, repo: "hexpm", optional: false]}], "hexpm", "86d1ef2fa0a30435a1d595e96f631ad4a24a931d8d855688e012fadd7147bd1d"},
  "vintage_net": {:hex, :vintage_net, "0.11.1", "3bf5696c863c83dea7b6c245ca5b4cf4408961d06f6cbdeff271128c985db9f1", [:make, :mix], [{:beam_notify, "~> 0.2.0", [hex: :beam_notify, repo: "hexpm", optional: false]}, {:elixir_make, "~> 0.6", [hex: :elixir_make, repo: "hexpm", optional: false]}, {:gen_state_machine, "~> 2.0.0 or ~> 2.1.0 or ~> 3.0.0", [hex: :gen_state_machine, repo: "hexpm", optional: false]}, {:muontrap, "~> 0.5.1 or ~> 0.6.0", [hex: :muontrap, repo: "hexpm", optional: false]}], "hexpm", "4d56f40a821098a4e734cf8e3de57ef7b4a04723ff105e3561a48baa9b2f138e"},
}
